
Microsoft Visual Studio Solution File, Format Version 12.00
# Visual Studio Version 17
VisualStudioVersion = 17.4.33110.190
MinimumVisualStudioVersion = 10.0.40219.1
Project("{FAE04EC0-301F-11D3-BF4B-00C04F79EFBC}") = "SchoolManagement.API", "SchoolManagement.API\SchoolManagement.API.csproj", "{908C4B2C-5EAD-463F-84D8-9D4D1CED78CE}"
EndProject
Global
	GlobalSection(SolutionConfigurationPlatforms) = preSolution
		Debug|Any CPU = Debug|Any CPU
		Release|Any CPU = Release|Any CPU
	EndGlobalSection
	GlobalSection(ProjectConfigurationPlatforms) = postSolution
		{908C4B2C-5EAD-463F-84D8-9D4D1CED78CE}.Debug|Any CPU.ActiveCfg = Debug|Any CPU
		{908C4B2C-5EAD-463F-84D8-9D4D1CED78CE}.Debug|Any CPU.Build.0 = Debug|Any CPU
		{908C4B2C-5EAD-463F-84D8-9D4D1CED78CE}.Release|Any CPU.ActiveCfg = Release|Any CPU
		{908C4B2C-5EAD-463F-84D8-9D4D1CED78CE}.Release|Any CPU.Build.0 = Release|Any CPU
	EndGlobalSection
	GlobalSection(SolutionProperties) = preSolution
		HideSolutionNode = FALSE
	EndGlobalSection
	GlobalSection(ExtensibilityGlobals) = postSolution
		SolutionGuid = {9BEF55A6-A314-4C27-9B43-AE3623B8530A}
	EndGlobalSection
EndGlobal
